
Microsoft Visual Studio Solution File, Format Version 12.00
# Visual Studio Version 17
VisualStudioVersion = 17.7.34031.279
MinimumVisualStudioVersion = 10.0.40219.1
Project("{FAE04EC0-301F-11D3-BF4B-00C04F79EFBC}") = "JavierVarela_EjercicioCF", "JavierVarela_EjercicioCF.csproj", "{AD330A5C-ECD8-43F1-B0C1-2E26DA674BFC}"
EndProject
Global
	GlobalSection(SolutionConfigurationPlatforms) = preSolution
		Debug|Any CPU = Debug|Any CPU
		Release|Any CPU = Release|Any CPU
	EndGlobalSection
	GlobalSection(ProjectConfigurationPlatforms) = postSolution
		{AD330A5C-ECD8-43F1-B0C1-2E26DA674BFC}.Debug|Any CPU.ActiveCfg = Debug|Any CPU
		{AD330A5C-ECD8-43F1-B0C1-2E26DA674BFC}.Debug|Any CPU.Build.0 = Debug|Any CPU
		{AD330A5C-ECD8-43F1-B0C1-2E26DA674BFC}.Release|Any CPU.ActiveCfg = Release|Any CPU
		{AD330A5C-ECD8-43F1-B0C1-2E26DA674BFC}.Release|Any CPU.Build.0 = Release|Any CPU
	EndGlobalSection
	GlobalSection(SolutionProperties) = preSolution
		HideSolutionNode = FALSE
	EndGlobalSection
	GlobalSection(ExtensibilityGlobals) = postSolution
		SolutionGuid = {CDA2AF86-8CF2-48DD-B05B-3EE93D158059}
	EndGlobalSection
EndGlobal
